
Microsoft Visual Studio Solution File, Format Version 12.00
# Visual Studio Version 16
VisualStudioVersion = 16.0.31005.135
MinimumVisualStudioVersion = 10.0.40219.1
Project("{FAE04EC0-301F-11D3-BF4B-00C04F79EFBC}") = "Ejercicio_4", "Ejercicio_4\Ejercicio_4.csproj", "{CBD0CA53-36DD-40A1-8103-B7FD2C486F6A}"
EndProject
Global
	GlobalSection(SolutionConfigurationPlatforms) = preSolution
		Debug|Any CPU = Debug|Any CPU
		Release|Any CPU = Release|Any CPU
	EndGlobalSection
	GlobalSection(ProjectConfigurationPlatforms) = postSolution
		{CBD0CA53-36DD-40A1-8103-B7FD2C486F6A}.Debug|Any CPU.ActiveCfg = Debug|Any CPU
		{CBD0CA53-36DD-40A1-8103-B7FD2C486F6A}.Debug|Any CPU.Build.0 = Debug|Any CPU
		{CBD0CA53-36DD-40A1-8103-B7FD2C486F6A}.Release|Any CPU.ActiveCfg = Release|Any CPU
		{CBD0CA53-36DD-40A1-8103-B7FD2C486F6A}.Release|Any CPU.Build.0 = Release|Any CPU
	EndGlobalSection
	GlobalSection(SolutionProperties) = preSolution
		HideSolutionNode = FALSE
	EndGlobalSection
	GlobalSection(ExtensibilityGlobals) = postSolution
		SolutionGuid = {CC62F061-E153-403F-B95A-808C1C7D1C96}
	EndGlobalSection
EndGlobal
